
Microsoft Visual Studio Solution File, Format Version 12.00
Project("{FAE04EC0-301F-11D3-BF4B-00C04F79EFBC}") = "DefaultFinder", "DefaultFinder\DefaultFinder.csproj", "{45C3852A-76FC-4556-9B6D-EA4267F7899C}"
EndProject
Project("{FAE04EC0-301F-11D3-BF4B-00C04F79EFBC}") = "DefaultFinderTests", "DefaultFinderTests\DefaultFinderTests.csproj", "{94703170-012E-4450-82AB-54E936CF7500}"
EndProject
Global
	GlobalSection(SolutionConfigurationPlatforms) = preSolution
		Debug|Any CPU = Debug|Any CPU
		Release|Any CPU = Release|Any CPU
	EndGlobalSection
	GlobalSection(ProjectConfigurationPlatforms) = postSolution
		{45C3852A-76FC-4556-9B6D-EA4267F7899C}.Debug|Any CPU.ActiveCfg = Debug|Any CPU
		{45C3852A-76FC-4556-9B6D-EA4267F7899C}.Debug|Any CPU.Build.0 = Debug|Any CPU
		{45C3852A-76FC-4556-9B6D-EA4267F7899C}.Release|Any CPU.ActiveCfg = Release|Any CPU
		{45C3852A-76FC-4556-9B6D-EA4267F7899C}.Release|Any CPU.Build.0 = Release|Any CPU
		{94703170-012E-4450-82AB-54E936CF7500}.Debug|Any CPU.ActiveCfg = Debug|Any CPU
		{94703170-012E-4450-82AB-54E936CF7500}.Debug|Any CPU.Build.0 = Debug|Any CPU
		{94703170-012E-4450-82AB-54E936CF7500}.Release|Any CPU.ActiveCfg = Release|Any CPU
		{94703170-012E-4450-82AB-54E936CF7500}.Release|Any CPU.Build.0 = Release|Any CPU
	EndGlobalSection
EndGlobal
